{
  "version": 4,
  "terraform_version": "1.1.9",
  "serial": 46,
  "lineage": "69678cdd-79ba-196a-4353-8f2ef5c536be",
  "outputs": {
    "sshcommand": {
      "value": "ssh root@163.66.88.107",
      "type": "string"
    }
  },
  "resources": [
    {
      "mode": "data",
      "type": "ibm_is_image",
      "name": "centos",
      "provider": "provider[\"registry.terraform.io/ibm-cloud/ibm\"]",
      "instances": [
        {
          "schema_version": 0,
          "attributes": {
            "architecture": "amd64",
            "checksum": null,
            "crn": "crn:v1:bluemix:public:is:ca-tor:::image:r038-e0039ab2-fcc8-11e9-8a36-6ffb6501dd33",
            "encryption": "none",
            "encryption_key": null,
            "id": "r038-e0039ab2-fcc8-11e9-8a36-6ffb6501dd33",
            "identifier": null,
            "name": "ibm-centos-7-6-minimal-amd64-1",
            "os": "centos-7-amd64",
            "source_volume": null,
            "status": "deprecated",
            "visibility": "public"
          },
          "sensitive_attributes": []
        }
      ]
    },
    {
      "mode": "data",
      "type": "ibm_is_ssh_key",
      "name": "ssh_key_id",
      "provider": "provider[\"registry.terraform.io/ibm-cloud/ibm\"]",
      "instances": [
        {
          "schema_version": 0,
          "attributes": {
            "crn": "crn:v1:bluemix:public:is:ca-tor:a/e65910fa61ce9072d64902d03f3d4774::key:r038-62a4408f-ce9b-401c-b656-8ad31dfd9874",
            "fingerprint": "SHA256:h58+RiWXhMkX0uQ6mEZaJqwr8tQJDnNE+huETWoZfGs",
            "id": "r038-62a4408f-ce9b-401c-b656-8ad31dfd9874",
            "length": 4096,
            "name": "bhavesh-cloud-fs",
            "public_key": "ssh-rsa AAAAB3NzaC1yc2EAAAADAQABAAABgQCtZNdqIjQmKwGw2FRP99k9EsfmNOmPeQA8YAyh1kvFfYbAxDvwfbGM9UllrDf9HUSte+b50PgZIhvyFp6GIdRE9/fYbMgn/GobcngcH0hESEjEt27T1QWWxSNZXmCBM9GZGbdXZl5mO4OkFOdZRswvtkgQUcHi5TnwLbJv8YvEyvD1fW1tzB5SoViGjGp6i7iih2rsb+LDNQvB2CFG1cEeeuH4t2MsYrtwrJuXq+0ASi+ZbLxAt9w46FemzsTyLKvZilkQ1KZg81iGMUqKbITxPWQqI1ehoo+OsiSJBHv4dnWeg+bZYR+/Kx74v8f82z3epM2yVFi6VaIqNf0owDW6EQUkCGYOBqwfOBSCr/oghre2pmtE+N0+fq/rktM2jgeuESR8I63G3tiiCm13esTod8pLwlw+cU5QpvoOL9QyibMBlw5kuLHEgTXjXjqjzcAVdT834YbVriDnRmi7wdtEBAnZ+8VJUGITvnkcytyv/knpkcdboVt/KblD4cX1MxU=",
            "resource_controller_url": "https://cloud.ibm.com/vpc/compute/sshKeys",
            "resource_crn": "crn:v1:bluemix:public:is:ca-tor:a/e65910fa61ce9072d64902d03f3d4774::key:r038-62a4408f-ce9b-401c-b656-8ad31dfd9874",
            "resource_group": null,
            "resource_group_name": "c94b87bdd43840c085b612a4f9b27041",
            "resource_name": "bhavesh-cloud-fs",
            "type": "rsa"
          },
          "sensitive_attributes": []
        }
      ]
    },
    {
      "mode": "data",
      "type": "ibm_resource_group",
      "name": "group",
      "provider": "provider[\"registry.terraform.io/ibm-cloud/ibm\"]",
      "instances": [
        {
          "schema_version": 0,
          "attributes": {
            "account_id": "e65910fa61ce9072d64902d03f3d4774",
            "created_at": "2022-06-13T06:44:12.508Z",
            "crn": "crn:v1:bluemix:public:resource-controller::a/e65910fa61ce9072d64902d03f3d4774::resource-group:c94b87bdd43840c085b612a4f9b27041",
            "id": "c94b87bdd43840c085b612a4f9b27041",
            "is_default": false,
            "name": "bhavesh-sadhu-rg",
            "payment_methods_url": null,
            "quota_id": "a3d7b8d01e261c24677937c29ab33f3c",
            "quota_url": "/v2/quota_definitions/a3d7b8d01e261c24677937c29ab33f3c",
            "resource_linkages": [],
            "state": "ACTIVE",
            "teams_url": null,
            "updated_at": "2022-06-13T06:44:12.508Z"
          },
          "sensitive_attributes": []
        }
      ]
    },
    {
      "mode": "managed",
      "type": "ibm_cr_namespace",
      "name": "cr_namespace",
      "provider": "provider[\"registry.terraform.io/ibm-cloud/ibm\"]",
      "instances": [
        {
          "schema_version": 0,
          "attributes": {
            "account": "e65910fa61ce9072d64902d03f3d4774",
            "created_date": "2022-12-20 10:39:18",
            "created_on": "2022-12-20 10:39:18",
            "crn": "crn:v1:bluemix:public:container-registry:ca-tor:a/e65910fa61ce9072d64902d03f3d4774::namespace:bhavesh-cr-cloud-fs",
            "id": "bhavesh-cr-cloud-fs",
            "name": "bhavesh-cr-cloud-fs",
            "resource_created_date": "2022-12-20 10:39:18",
            "resource_group_id": "c94b87bdd43840c085b612a4f9b27041",
            "tags": null,
            "updated_date": "2022-12-20 10:39:18",
            "updated_on": "2022-12-20 10:39:18"
          },
          "sensitive_attributes": [],
          "private": "bnVsbA==",
          "dependencies": [
            "data.ibm_resource_group.group"
          ]
        }
      ]
    },
    {
      "mode": "managed",
      "type": "ibm_cr_retention_policy",
      "name": "cr_retention_policy",
      "provider": "provider[\"registry.terraform.io/ibm-cloud/ibm\"]",
      "instances": [
        {
          "schema_version": 0,
          "attributes": {
            "id": "bhavesh-cr-cloud-fs",
            "images_per_repo": 10,
            "namespace": "bhavesh-cr-cloud-fs",
            "retain_untagged": false
          },
          "sensitive_attributes": [],
          "private": "bnVsbA==",
          "dependencies": [
            "data.ibm_resource_group.group",
            "ibm_cr_namespace.cr_namespace"
          ]
        }
      ]
    },
    {
      "mode": "managed",
      "type": "ibm_is_floating_ip",
      "name": "fip1",
      "provider": "provider[\"registry.terraform.io/ibm-cloud/ibm\"]",
      "instances": [
        {
          "schema_version": 0,
          "attributes": {
            "address": "163.66.88.107",
            "crn": "crn:v1:bluemix:public:is:ca-tor-1:a/e65910fa61ce9072d64902d03f3d4774::floating-ip:r038-da2acec1-add1-46c7-9eab-40ef7afc916d",
            "id": "r038-da2acec1-add1-46c7-9eab-40ef7afc916d",
            "name": "bhavesh-tf-fip1",
            "resource_controller_url": "https://cloud.ibm.com/vpc-ext/network/floatingIPs",
            "resource_crn": "crn:v1:bluemix:public:is:ca-tor-1:a/e65910fa61ce9072d64902d03f3d4774::floating-ip:r038-da2acec1-add1-46c7-9eab-40ef7afc916d",
            "resource_group": "c94b87bdd43840c085b612a4f9b27041",
            "resource_group_name": "bhavesh-sadhu-rg",
            "resource_name": "bhavesh-tf-fip1",
            "resource_status": "available",
            "status": "available",
            "tags": [],
            "target": "02q7-865f567e-4acc-452a-9b5f-78848ebd0f9c",
            "target_list": [
              {
                "crn": "",
                "deleted": [],
                "href": "https://ca-tor.iaas.cloud.ibm.com/v1/instances/02q7_237ac8da-157e-4a71-bc02-4f9776aafad8/network_interfaces/02q7-865f567e-4acc-452a-9b5f-78848ebd0f9c",
                "id": "02q7-865f567e-4acc-452a-9b5f-78848ebd0f9c",
                "name": "subscript-refocus-heaviness-marshland",
                "primary_ip": [
                  {
                    "address": "10.249.0.4",
                    "href": "https://ca-tor.iaas.cloud.ibm.com/v1/subnets/02q7-29cdd9f3-7005-4d55-a020-23e45578af18/reserved_ips/02q7-e7a49e39-75eb-4547-aa53-5d2bec819f1f",
                    "name": "moonwalk-unsecured-putt-capricorn",
                    "reserved_ip": "02q7-e7a49e39-75eb-4547-aa53-5d2bec819f1f",
                    "resource_type": "subnet_reserved_ip"
                  }
                ],
                "resource_type": "network_interface"
              }
            ],
            "timeouts": null,
            "zone": "ca-tor-1"
          },
          "sensitive_attributes": [],
          "private": "eyJlMmJmYjczMC1lY2FhLTExZTYtOGY4OC0zNDM2M2JjN2M0YzAiOnsiY3JlYXRlIjo2MDAwMDAwMDAwMDAsImRlbGV0ZSI6NjAwMDAwMDAwMDAwfX0=",
          "dependencies": [
            "data.ibm_is_image.centos",
            "data.ibm_is_ssh_key.ssh_key_id",
            "data.ibm_resource_group.group",
            "ibm_is_instance.vsi1",
            "ibm_is_security_group.sg1",
            "ibm_is_subnet.subnet1",
            "ibm_is_vpc.vpc"
          ]
        }
      ]
    },
    {
      "mode": "managed",
      "type": "ibm_is_instance",
      "name": "vsi1",
      "provider": "provider[\"registry.terraform.io/ibm-cloud/ibm\"]",
      "instances": [
        {
          "schema_version": 0,
          "attributes": {
            "action": null,
            "auto_delete_volume": null,
            "availability_policy_host_failure": "restart",
            "bandwidth": 4000,
            "boot_volume": [
              {
                "encryption": "",
                "iops": 3000,
                "name": "spongy-paparazzi-kabob-shell",
                "profile": "general-purpose",
                "size": 100,
                "snapshot": "",
                "volume_id": "r038-38ac54e0-bbbc-4c8f-bc7f-40cd78340fd3"
              }
            ],
            "crn": "crn:v1:bluemix:public:is:ca-tor-1:a/e65910fa61ce9072d64902d03f3d4774::instance:02q7_237ac8da-157e-4a71-bc02-4f9776aafad8",
            "dedicated_host": null,
            "dedicated_host_group": null,
            "default_trusted_profile_auto_link": null,
            "default_trusted_profile_target": null,
            "disks": [],
            "force_action": false,
            "force_recovery_time": null,
            "gpu": [],
            "id": "02q7_237ac8da-157e-4a71-bc02-4f9776aafad8",
            "image": "r038-e0039ab2-fcc8-11e9-8a36-6ffb6501dd33",
            "instance_template": null,
            "keys": [
              "r038-62a4408f-ce9b-401c-b656-8ad31dfd9874"
            ],
            "memory": 4,
            "metadata_service_enabled": false,
            "name": "bhavesh-tf-vsi1",
            "network_interfaces": [],
            "placement_group": null,
            "placement_target": [],
            "primary_network_interface": [
              {
                "allow_ip_spoofing": false,
                "id": "02q7-865f567e-4acc-452a-9b5f-78848ebd0f9c",
                "name": "subscript-refocus-heaviness-marshland",
                "port_speed": 3000,
                "primary_ip": [
                  {
                    "address": "10.249.0.4",
                    "auto_delete": true,
                    "href": "https://ca-tor.iaas.cloud.ibm.com/v1/subnets/02q7-29cdd9f3-7005-4d55-a020-23e45578af18/reserved_ips/02q7-e7a49e39-75eb-4547-aa53-5d2bec819f1f",
                    "name": "moonwalk-unsecured-putt-capricorn",
                    "reserved_ip": "02q7-e7a49e39-75eb-4547-aa53-5d2bec819f1f",
                    "resource_type": "subnet_reserved_ip"
                  }
                ],
                "primary_ipv4_address": "10.249.0.4",
                "security_groups": [
                  "r038-b8281a24-f9e2-47d0-ae57-53ba4c20828c"
                ],
                "subnet": "02q7-29cdd9f3-7005-4d55-a020-23e45578af18"
              }
            ],
            "profile": "cx2-2x4",
            "resource_controller_url": "https://cloud.ibm.com/vpc-ext/compute/vs",
            "resource_crn": "crn:v1:bluemix:public:is:ca-tor-1:a/e65910fa61ce9072d64902d03f3d4774::instance:02q7_237ac8da-157e-4a71-bc02-4f9776aafad8",
            "resource_group": "c94b87bdd43840c085b612a4f9b27041",
            "resource_group_name": "bhavesh-sadhu-rg",
            "resource_name": "bhavesh-tf-vsi1",
            "resource_status": "running",
            "status": "running",
            "status_reasons": [],
            "tags": [],
            "timeouts": null,
            "total_network_bandwidth": 3000,
            "total_volume_bandwidth": 1000,
            "user_data": null,
            "vcpu": [
              {
                "architecture": "amd64",
                "count": 2
              }
            ],
            "volume_attachments": [
              {
                "id": "02q7-ce9bb6cd-5a1a-470c-bfda-e3150c996602",
                "name": "exact-kinswoman-dynamic-brownie",
                "volume_crn": "crn:v1:bluemix:public:is:ca-tor-1:a/e65910fa61ce9072d64902d03f3d4774::volume:r038-38ac54e0-bbbc-4c8f-bc7f-40cd78340fd3",
                "volume_id": "r038-38ac54e0-bbbc-4c8f-bc7f-40cd78340fd3",
                "volume_name": "spongy-paparazzi-kabob-shell"
              }
            ],
            "volumes": null,
            "vpc": "r038-bdc6b1cc-e472-4c00-bdcc-7e15adf56a24",
            "wait_before_delete": true,
            "zone": "ca-tor-1"
          },
          "sensitive_attributes": [],
          "private": "eyJlMmJmYjczMC1lY2FhLTExZTYtOGY4OC0zNDM2M2JjN2M0YzAiOnsiY3JlYXRlIjoxODAwMDAwMDAwMDAwLCJkZWxldGUiOjE4MDAwMDAwMDAwMDAsInVwZGF0ZSI6MTgwMDAwMDAwMDAwMH19",
          "dependencies": [
            "data.ibm_is_image.centos",
            "data.ibm_is_ssh_key.ssh_key_id",
            "data.ibm_resource_group.group",
            "ibm_is_security_group.sg1",
            "ibm_is_subnet.subnet1",
            "ibm_is_vpc.vpc"
          ]
        }
      ]
    },
    {
      "mode": "managed",
      "type": "ibm_is_security_group",
      "name": "sg1",
      "provider": "provider[\"registry.terraform.io/ibm-cloud/ibm\"]",
      "instances": [
        {
          "schema_version": 0,
          "attributes": {
            "crn": "crn:v1:bluemix:public:is:ca-tor:a/e65910fa61ce9072d64902d03f3d4774::security-group:r038-b8281a24-f9e2-47d0-ae57-53ba4c20828c",
            "id": "r038-b8281a24-f9e2-47d0-ae57-53ba4c20828c",
            "name": "bhavesh-tf-sg1",
            "resource_controller_url": "https://cloud.ibm.com/vpc-ext/network/securityGroups",
            "resource_crn": "crn:v1:bluemix:public:is:ca-tor:a/e65910fa61ce9072d64902d03f3d4774::security-group:r038-b8281a24-f9e2-47d0-ae57-53ba4c20828c",
            "resource_group": "c94b87bdd43840c085b612a4f9b27041",
            "resource_group_name": "bhavesh-sadhu-rg",
            "resource_name": "bhavesh-tf-sg1",
            "rules": [],
            "tags": [],
            "timeouts": null,
            "vpc": "r038-bdc6b1cc-e472-4c00-bdcc-7e15adf56a24"
          },
          "sensitive_attributes": [],
          "private": "eyJlMmJmYjczMC1lY2FhLTExZTYtOGY4OC0zNDM2M2JjN2M0YzAiOnsiY3JlYXRlIjo2MDAwMDAwMDAwMDAsImRlbGV0ZSI6NjAwMDAwMDAwMDAwfX0=",
          "dependencies": [
            "data.ibm_resource_group.group",
            "ibm_is_vpc.vpc"
          ]
        }
      ]
    },
    {
      "mode": "managed",
      "type": "ibm_is_security_group_rule",
      "name": "ingress_ssh_all",
      "provider": "provider[\"registry.terraform.io/ibm-cloud/ibm\"]",
      "instances": [
        {
          "schema_version": 0,
          "attributes": {
            "direction": "inbound",
            "group": "r038-b8281a24-f9e2-47d0-ae57-53ba4c20828c",
            "icmp": [],
            "id": "r038-b8281a24-f9e2-47d0-ae57-53ba4c20828c.r038-f850ef6c-027e-4842-925a-9d1ed1addbe9",
            "ip_version": "ipv4",
            "protocol": "tcp",
            "related_crn": "crn:v1:bluemix:public:is:ca-tor:a/e65910fa61ce9072d64902d03f3d4774::security-group:r038-b8281a24-f9e2-47d0-ae57-53ba4c20828c",
            "remote": "0.0.0.0/0",
            "rule_id": "r038-f850ef6c-027e-4842-925a-9d1ed1addbe9",
            "tcp": [
              {
                "port_max": 22,
                "port_min": 22
              }
            ],
            "udp": []
          },
          "sensitive_attributes": [],
          "private": "bnVsbA==",
          "dependencies": [
            "data.ibm_resource_group.group",
            "ibm_is_security_group.sg1",
            "ibm_is_vpc.vpc"
          ]
        }
      ]
    },
    {
      "mode": "managed",
      "type": "ibm_is_subnet",
      "name": "subnet1",
      "provider": "provider[\"registry.terraform.io/ibm-cloud/ibm\"]",
      "instances": [
        {
          "schema_version": 0,
          "attributes": {
            "access_tags": [],
            "available_ipv4_address_count": 251,
            "crn": "crn:v1:bluemix:public:is:ca-tor-1:a/e65910fa61ce9072d64902d03f3d4774::subnet:02q7-29cdd9f3-7005-4d55-a020-23e45578af18",
            "id": "02q7-29cdd9f3-7005-4d55-a020-23e45578af18",
            "ip_version": "ipv4",
            "ipv4_cidr_block": "10.249.0.0/24",
            "name": "bhavesh-tf-subnet1",
            "network_acl": "r038-8cdf751b-f4aa-4d34-ab17-6c7b686c978f",
            "public_gateway": "",
            "resource_controller_url": "https://cloud.ibm.com/vpc-ext/network/subnets",
            "resource_crn": "crn:v1:bluemix:public:is:ca-tor-1:a/e65910fa61ce9072d64902d03f3d4774::subnet:02q7-29cdd9f3-7005-4d55-a020-23e45578af18",
            "resource_group": "fdd290732f7d47909181a189494e2990",
            "resource_group_name": "default",
            "resource_name": "bhavesh-tf-subnet1",
            "resource_status": "available",
            "routing_table": "r038-068b8126-0a79-4689-9d3a-6eee2a164673",
            "status": "available",
            "tags": [],
            "timeouts": null,
            "total_ipv4_address_count": 256,
            "vpc": "r038-bdc6b1cc-e472-4c00-bdcc-7e15adf56a24",
            "zone": "ca-tor-1"
          },
          "sensitive_attributes": [],
          "private": "eyJlMmJmYjczMC1lY2FhLTExZTYtOGY4OC0zNDM2M2JjN2M0YzAiOnsiY3JlYXRlIjo2MDAwMDAwMDAwMDAsImRlbGV0ZSI6NjAwMDAwMDAwMDAwLCJ1cGRhdGUiOjYwMDAwMDAwMDAwMH19",
          "dependencies": [
            "data.ibm_resource_group.group",
            "ibm_is_vpc.vpc"
          ]
        }
      ]
    },
    {
      "mode": "managed",
      "type": "ibm_is_vpc",
      "name": "vpc",
      "provider": "provider[\"registry.terraform.io/ibm-cloud/ibm\"]",
      "instances": [
        {
          "schema_version": 0,
          "attributes": {
            "address_prefix_management": "auto",
            "classic_access": false,
            "crn": "crn:v1:bluemix:public:is:ca-tor:a/e65910fa61ce9072d64902d03f3d4774::vpc:r038-bdc6b1cc-e472-4c00-bdcc-7e15adf56a24",
            "cse_source_addresses": [
              {
                "address": "10.223.154.97",
                "zone_name": "ca-tor-1"
              },
              {
                "address": "10.223.169.205",
                "zone_name": "ca-tor-2"
              },
              {
                "address": "10.223.174.171",
                "zone_name": "ca-tor-3"
              }
            ],
            "default_network_acl": "r038-8cdf751b-f4aa-4d34-ab17-6c7b686c978f",
            "default_network_acl_crn": "crn:v1:bluemix:public:is:ca-tor:a/e65910fa61ce9072d64902d03f3d4774::network-acl:r038-8cdf751b-f4aa-4d34-ab17-6c7b686c978f",
            "default_network_acl_name": "garage-grunt-unharmed-dill",
            "default_routing_table": "r038-068b8126-0a79-4689-9d3a-6eee2a164673",
            "default_routing_table_name": "boaster-taking-budded-pampered",
            "default_security_group": "r038-04b60a3f-62c8-4c00-974a-b3d94a6855b1",
            "default_security_group_crn": "crn:v1:bluemix:public:is:ca-tor:a/e65910fa61ce9072d64902d03f3d4774::security-group:r038-04b60a3f-62c8-4c00-974a-b3d94a6855b1",
            "default_security_group_name": "docile-slug-untangled-rebirth",
            "id": "r038-bdc6b1cc-e472-4c00-bdcc-7e15adf56a24",
            "name": "bhavesh-tf-vpc",
            "resource_controller_url": "https://cloud.ibm.com/vpc-ext/network/vpcs",
            "resource_crn": "crn:v1:bluemix:public:is:ca-tor:a/e65910fa61ce9072d64902d03f3d4774::vpc:r038-bdc6b1cc-e472-4c00-bdcc-7e15adf56a24",
            "resource_group": "c94b87bdd43840c085b612a4f9b27041",
            "resource_group_name": "bhavesh-sadhu-rg",
            "resource_name": "bhavesh-tf-vpc",
            "resource_status": "available",
            "security_group": [
              {
                "group_id": "r038-04b60a3f-62c8-4c00-974a-b3d94a6855b1",
                "group_name": "docile-slug-untangled-rebirth",
                "rules": [
                  {
                    "code": 0,
                    "direction": "outbound",
                    "ip_version": "ipv4",
                    "port_max": 0,
                    "port_min": 0,
                    "protocol": "all",
                    "remote": "0.0.0.0/0",
                    "rule_id": "r038-e4225e8e-b33b-4045-9138-a2d4171f16d6",
                    "type": 0
                  },
                  {
                    "code": 0,
                    "direction": "inbound",
                    "ip_version": "ipv4",
                    "port_max": 0,
                    "port_min": 0,
                    "protocol": "all",
                    "remote": "r038-04b60a3f-62c8-4c00-974a-b3d94a6855b1",
                    "rule_id": "r038-1740f24f-1310-48fc-b13f-dd5290f7a478",
                    "type": 0
                  }
                ]
              }
            ],
            "status": "available",
            "subnets": [],
            "tags": [],
            "timeouts": null
          },
          "sensitive_attributes": [],
          "private": "eyJlMmJmYjczMC1lY2FhLTExZTYtOGY4OC0zNDM2M2JjN2M0YzAiOnsiY3JlYXRlIjo2MDAwMDAwMDAwMDAsImRlbGV0ZSI6NjAwMDAwMDAwMDAwfX0=",
          "dependencies": [
            "data.ibm_resource_group.group"
          ]
        }
      ]
    }
  ]
}
